{
  "name": "xinwen",
  "version": "1.0.0",
  "lockfileVersion": 1,
  "requires": true,
  "dependencies": {
    "@dcloudio/uni-ui": {
      "version": "1.0.7",
      "resolved": "https://registry.npmjs.org/@dcloudio/uni-ui/-/uni-ui-1.0.7.tgz",
      "integrity": "sha512-RXJ4ywBV4i+zjNi01AjE+rz5ReRZlp90ahqqYtonTPid9Ql9+2VX/WSuu5hGWPS26/o+w6z40TyWKurhVEjjnw=="
    },
    "chinese-to-pinyin": {
      "version": "1.1.3",
      "resolved": "https://registry.npmjs.org/chinese-to-pinyin/-/chinese-to-pinyin-1.1.3.tgz",
      "integrity": "sha512-zwiVE1tAWcNr8ThjJu4QAmRTMgLymqVzrN+Gc3ilqwH2W81kg4ZfrVArTZdJIi6lb8Vm1bPVw7xxv/7Rss2HqQ=="
    }
  }
}
