{
  "name": "xinwen",
  "version": "1.0.0",
  "lockfileVersion": 1,
  "requires": true,
  "dependencies": {
    "@dcloudio/uni-ui": {
      "version": "1.0.7",
      "resolved": "https://registry.npmjs.org/@dcloudio/uni-ui/-/uni-ui-1.0.7.tgz",
      "integrity": "sha512-RXJ4ywBV4i+zjNi01AjE+rz5ReRZlp90ahqqYtonTPid9Ql9+2VX/WSuu5hGWPS26/o+w6z40TyWKurhVEjjnw=="
    }
  }
}
